
Microsoft Visual Studio Solution File, Format Version 12.00
# Visual Studio 14
VisualStudioVersion = 14.0.24720.0
MinimumVisualStudioVersion = 10.0.40219.1
Project("{8BC9CEB8-8B4A-11D0-8D11-00A0C91BC942}") = "ImageMark", "ImageMark\ImageMark.vcxproj", "{10F51DB3-2639-4F98-BDE3-D1ED16DE67E8}"
EndProject
Global
	GlobalSection(SolutionConfigurationPlatforms) = preSolution
		Debug|x64 = Debug|x64
		Debug|x86 = Debug|x86
		Release|x64 = Release|x64
		Release|x86 = Release|x86
	EndGlobalSection
	GlobalSection(ProjectConfigurationPlatforms) = postSolution
		{10F51DB3-2639-4F98-BDE3-D1ED16DE67E8}.Debug|x64.ActiveCfg = Debug|x64
		{10F51DB3-2639-4F98-BDE3-D1ED16DE67E8}.Debug|x64.Build.0 = Debug|x64
		{10F51DB3-2639-4F98-BDE3-D1ED16DE67E8}.Debug|x86.ActiveCfg = Debug|Win32
		{10F51DB3-2639-4F98-BDE3-D1ED16DE67E8}.Debug|x86.Build.0 = Debug|Win32
		{10F51DB3-2639-4F98-BDE3-D1ED16DE67E8}.Release|x64.ActiveCfg = Release|x64
		{10F51DB3-2639-4F98-BDE3-D1ED16DE67E8}.Release|x64.Build.0 = Release|x64
		{10F51DB3-2639-4F98-BDE3-D1ED16DE67E8}.Release|x86.ActiveCfg = Release|Win32
		{10F51DB3-2639-4F98-BDE3-D1ED16DE67E8}.Release|x86.Build.0 = Release|Win32
	EndGlobalSection
	GlobalSection(SolutionProperties) = preSolution
		HideSolutionNode = FALSE
	EndGlobalSection
EndGlobal
